{
  "lockfileVersion": 1,
  "workspaces": {
    "": {
      "name": "opds-generator",
      "dependencies": {
        "chokidar": "^5.0.0",
        "fast-xml-parser": "^5.3.3",
        "node-unrar-js": "^2.0.2",
        "opds-ts": "^2.1.0",
      },
      "devDependencies": {
        "@types/bun": "latest",
        "oxfmt": "^0.21.0",
        "oxlint": "latest",
        "oxlint-tsgolint": "latest",
      },
      "peerDependencies": {
        "typescript": "^5",
      },
    },
  },
  "packages": {
    "@oozcitak/dom": ["@oozcitak/dom@1.15.10", "", { "dependencies": { "@oozcitak/infra": "1.0.8", "@oozcitak/url": "1.0.4", "@oozcitak/util": "8.3.8" } }, "sha512-0JT29/LaxVgRcGKvHmSrUTEvZ8BXvZhGl2LASRUgHqDTC1M5g1pLmVv56IYNyt3bG2CUjDkc67wnyZC14pbQrQ=="],

    "@oozcitak/infra": ["@oozcitak/infra@1.0.8", "", { "dependencies": { "@oozcitak/util": "8.3.8" } }, "sha512-JRAUc9VR6IGHOL7OGF+yrvs0LO8SlqGnPAMqyzOuFZPSZSXI7Xf2O9+awQPSMXgIWGtgUf/dA6Hs6X6ySEaWTg=="],

    "@oozcitak/url": ["@oozcitak/url@1.0.4", "", { "dependencies": { "@oozcitak/infra": "1.0.8", "@oozcitak/util": "8.3.8" } }, "sha512-kDcD8y+y3FCSOvnBI6HJgl00viO/nGbQoCINmQ0h98OhnGITrWR3bOGfwYCthgcrV8AnTJz8MzslTQbC3SOAmw=="],

    "@oozcitak/util": ["@oozcitak/util@8.3.8", "", {}, "sha512-T8TbSnGsxo6TDBJx/Sgv/BlVJL3tshxZP7Aq5R1mSnM5OcHY2dQaxLMu2+E8u3gN0MLOzdjurqN4ZRVuzQycOQ=="],

    "@oxfmt/darwin-arm64": ["@oxfmt/darwin-arm64@0.21.0", "", { "os": "darwin", "cpu": "arm64" }, "sha512-defgGcchFCq2F7f5Nr3E4VXYW1sUhBGmIejgcPZ1gSsc8FAeT+vP5cSeGnDv+kcX+OKFDt89C67c31qZ6yZBsQ=="],

    "@oxfmt/darwin-x64": ["@oxfmt/darwin-x64@0.21.0", "", { "os": "darwin", "cpu": "x64" }, "sha512-rYJinOZRabPF2V3kn0TWX4vcYHV2F+DkGewNP8HZ/OXQ3CEJKP+E7KCnEz/x614g3/S5J7cahr9l5Mr3AEZigA=="],

    "@oxfmt/linux-arm64-gnu": ["@oxfmt/linux-arm64-gnu@0.21.0", "", { "os": "linux", "cpu": "arm64" }, "sha512-ILTv8stX3r2gK+pgSc2alJrbpI4i8zlLXzuuhUsjeEN/Ti//Z38MDi6kTov3pzcaBEnQ/xEMgQyczokp7jpyyQ=="],

    "@oxfmt/linux-arm64-musl": ["@oxfmt/linux-arm64-musl@0.21.0", "", { "os": "linux", "cpu": "arm64" }, "sha512-kFZ0vPJzsGjkrwq2MPEpp8TjV7/Znv9kCEwLF+HcFwvfcSt75dWloGmTRRrViH0ACaCM7YBSDUOV8E4nyLvxPA=="],

    "@oxfmt/linux-x64-gnu": ["@oxfmt/linux-x64-gnu@0.21.0", "", { "os": "linux", "cpu": "x64" }, "sha512-VH8ZcS2TkTBE0v9cLxjNGX++vB9Xvx/7VTFrbwHYzY/fYypYTwQ+n1KplUQoU+LrMC0nKqwPWYzvA5/cAfo5zg=="],

    "@oxfmt/linux-x64-musl": ["@oxfmt/linux-x64-musl@0.21.0", "", { "os": "linux", "cpu": "x64" }, "sha512-qleaVEFHw/kmbvNj3hjobX1kwbP2/d7SVJzQjyEFULou1v3EZj7jWbblIu7GmDCSspdiEk1j/pZDYH801Dn8QA=="],

    "@oxfmt/win32-arm64": ["@oxfmt/win32-arm64@0.21.0", "", { "os": "win32", "cpu": "arm64" }, "sha512-JLZUo5qEyJfxhoj6KEU/CqI8FQlzIP8rBq7qGTq0kCJ2yZJC9tysBqJYZXvX88ShiNe89/T/H3khodaKGBBNgg=="],

    "@oxfmt/win32-x64": ["@oxfmt/win32-x64@0.21.0", "", { "os": "win32", "cpu": "x64" }, "sha512-DYNpbuPzUhTuWUIqDhwSaV1mK+VcknD4ANaEON+/ygaNGriSZ4pRUt1BTRcXfcOF9GZ4BO9udjv31S0bAEsFeQ=="],

    "@oxlint-tsgolint/darwin-arm64": ["@oxlint-tsgolint/darwin-arm64@0.10.0", "", { "os": "darwin", "cpu": "arm64" }, "sha512-mhBF/pjey0UdLL1ocU46Fqta+uJuRfqrLfDpcViRg17BtDiUNd8JY9iN2FOoS2HGSCAgCUjZ0AZkwkHwFs/VTw=="],

    "@oxlint-tsgolint/darwin-x64": ["@oxlint-tsgolint/darwin-x64@0.10.0", "", { "os": "darwin", "cpu": "x64" }, "sha512-roLi34mw/i1z+NS7luboix55SXyhVv38dNUTcRDkk+0lNPzI9ngrM+1y1N2oBSUmz5o9OZGnfJJ7BSGCw/fFEQ=="],

    "@oxlint-tsgolint/linux-arm64": ["@oxlint-tsgolint/linux-arm64@0.10.0", "", { "os": "linux", "cpu": "arm64" }, "sha512-HL9NThPH1V2F6l9XhwNmhQZUknN4m4yQYEvQFFGfZTYN6cvEEBIiqfF4KvBUg8c0xadMbQlW+Ug7/ybA9Nn+CA=="],

    "@oxlint-tsgolint/linux-x64": ["@oxlint-tsgolint/linux-x64@0.10.0", "", { "os": "linux", "cpu": "x64" }, "sha512-Tw8QNq8ab+4+qE5krvJyMA66v6XE3GoiISRD5WmJ7YOxUnu//jSw/bBm7OYf/TNEZyeV0BTR7zXzhT5R+VFWlQ=="],

    "@oxlint-tsgolint/win32-arm64": ["@oxlint-tsgolint/win32-arm64@0.10.0", "", { "os": "win32", "cpu": "arm64" }, "sha512-LTogmTRwpwQqVaH1Ama8Wd5/VVZWBSF8v5qTbeT628+1F5Kt1V5eHBvyFh4oN18UCZlgqrh7DqkDhsieXUaC8Q=="],

    "@oxlint-tsgolint/win32-x64": ["@oxlint-tsgolint/win32-x64@0.10.0", "", { "os": "win32", "cpu": "x64" }, "sha512-ygqxx8EmNWy9/wCQS5uXq9k/o2EyYNwNxY1ZHNzlmZC/kV06Aemx5OBDafefawBNqH7xTZPfccUrjdiy+QlTrw=="],

    "@oxlint/darwin-arm64": ["@oxlint/darwin-arm64@1.34.0", "", { "os": "darwin", "cpu": "arm64" }, "sha512-euz3Dtp5/UE9axFkQnllOWp3gOwoqaxfZPUUwiW8HBelqhI9PRMVIfQ/akmwl+G5XixQZIgXkXQ5SJxnb1+Qww=="],

    "@oxlint/darwin-x64": ["@oxlint/darwin-x64@1.34.0", "", { "os": "darwin", "cpu": "x64" }, "sha512-XpmNviE5KOnHkhmQPwJJIBs+mJkr0qItTZBN4dz+O3p9gWN+gCqi3CBP71RiVahZw4qAEQSgY4wro+z0kx+erg=="],

    "@oxlint/linux-arm64-gnu": ["@oxlint/linux-arm64-gnu@1.34.0", "", { "os": "linux", "cpu": "arm64" }, "sha512-aCPdoEUGsJGF9y88vDYoaugG4IEGwSBa+usyuAvEVl3vTfuTmE0RDQEC1Z+WnJ3J/cIEpbgKOzS12VwbzFicjg=="],

    "@oxlint/linux-arm64-musl": ["@oxlint/linux-arm64-musl@1.34.0", "", { "os": "linux", "cpu": "arm64" }, "sha512-cMo72LQBFmdnVLRKLAHD94ZUBq5Z+aA9Y+RKzkjhCmJuef5ZAfKC24TJD/6c5LxGYzkwwmyySoQAHq5B69i3PQ=="],

    "@oxlint/linux-x64-gnu": ["@oxlint/linux-x64-gnu@1.34.0", "", { "os": "linux", "cpu": "x64" }, "sha512-+9xFhhkqgNIysEh+uHvcba8v4UtL1YzxuyDS2wTLdWrkGvIllCx5WjJItt3K/AhwatciksgNEXSo2Hh4fcQRog=="],

    "@oxlint/linux-x64-musl": ["@oxlint/linux-x64-musl@1.34.0", "", { "os": "linux", "cpu": "x64" }, "sha512-qa7TL2DfEDdMeSP5UiU5JMs6D2PW7ZJAQ0WZYTgqDV8BlZ6nMkIYVBVIk3QPxIfkyxvfJVbG1RB3PkSWDcfwpA=="],

    "@oxlint/win32-arm64": ["@oxlint/win32-arm64@1.34.0", "", { "os": "win32", "cpu": "arm64" }, "sha512-mSJumUveg1S3DiOgvsrVNAGuvenBbbC/zsfT1qhltT+GLhJ7RPBK2I/jz0fTdE+I7M9/as8yc0XJ/eY23y2amA=="],

    "@oxlint/win32-x64": ["@oxlint/win32-x64@1.34.0", "", { "os": "win32", "cpu": "x64" }, "sha512-izsDDt5WY4FSISCkPRLUYQD1aRaaEJkPLtEZe3DlioSUdUVAdvVbE+BGllFqR16DWfTTwO/6K4jDeooxQzTMjw=="],

    "@types/bun": ["@types/bun@1.3.5", "", { "dependencies": { "bun-types": "1.3.5" } }, "sha512-RnygCqNrd3srIPEWBd5LFeUYG7plCoH2Yw9WaZGyNmdTEei+gWaHqydbaIRkIkcbXwhBT94q78QljxN0Sk838w=="],

    "@types/node": ["@types/node@25.0.3", "", { "dependencies": { "undici-types": "~7.16.0" } }, "sha512-W609buLVRVmeW693xKfzHeIV6nJGGz98uCPfeXI1ELMLXVeKYZ9m15fAMSaUPBHYLGFsVRcMmSCksQOrZV9BYA=="],

    "argparse": ["argparse@1.0.10", "", { "dependencies": { "sprintf-js": "~1.0.2" } }, "sha512-o5Roy6tNG4SL/FOkCAN6RzjiakZS25RLYFrcMttJqbdd8BWrnA+fGz57iN5Pb06pvBGvl5gQ0B48dJlslXvoTg=="],

    "bun-types": ["bun-types@1.3.5", "", { "dependencies": { "@types/node": "*" } }, "sha512-inmAYe2PFLs0SUbFOWSVD24sg1jFlMPxOjOSSCYqUgn4Hsc3rDc7dFvfVYjFPNHtov6kgUeulV4SxbuIV/stPw=="],

    "chokidar": ["chokidar@5.0.0", "", { "dependencies": { "readdirp": "^5.0.0" } }, "sha512-TQMmc3w+5AxjpL8iIiwebF73dRDF4fBIieAqGn9RGCWaEVwQ6Fb2cGe31Yns0RRIzii5goJ1Y7xbMwo1TxMplw=="],

    "esprima": ["esprima@4.0.1", "", { "bin": { "esparse": "./bin/esparse.js", "esvalidate": "./bin/esvalidate.js" } }, "sha512-eGuFFw7Upda+g4p+QHvnW0RyTX/SVeJBDM/gCtMARO0cLuT2HcEKnTPvhjV6aGeqrCB/sbNop0Kszm0jsaWU4A=="],

    "fast-xml-parser": ["fast-xml-parser@5.3.3", "", { "dependencies": { "strnum": "^2.1.0" }, "bin": { "fxparser": "src/cli/cli.js" } }, "sha512-2O3dkPAAC6JavuMm8+4+pgTk+5hoAs+CjZ+sWcQLkX9+/tHRuTkQh/Oaifr8qDmZ8iEHb771Ea6G8CdwkrgvYA=="],

    "js-yaml": ["js-yaml@3.14.1", "", { "dependencies": { "argparse": "^1.0.7", "esprima": "^4.0.0" }, "bin": { "js-yaml": "bin/js-yaml.js" } }, "sha512-okMH7OXXJ7YrN9Ok3/SXrnu4iX9yOk+25nqX4imS2npuvTYDmo/QEZoqwZkYaIDk3jVvBOTOIEgEhaLOynBS9g=="],

    "node-unrar-js": ["node-unrar-js@2.0.2", "", {}, "sha512-hLNmoJzqaKJnod8yiTVGe9hnlNRHotUi0CreSv/8HtfRi/3JnRC8DvsmKfeGGguRjTEulhZK6zXX5PXoVuDZ2w=="],

    "opds-ts": ["opds-ts@2.1.0", "", { "dependencies": { "fast-xml-parser": "^5.3.0", "xmlbuilder2": "^3.1.1" }, "peerDependencies": { "typescript": "^5.6.2" } }, "sha512-1AUjbbBujITvBhee5DqAHxeyH1eSCx/69/8YCHH0SbtjmIcIMMEY0s7G1zOONVQjwCU0Sqd//wzDhLToFf3rsg=="],

    "oxfmt": ["oxfmt@0.21.0", "", { "dependencies": { "tinypool": "2.0.0" }, "optionalDependencies": { "@oxfmt/darwin-arm64": "0.21.0", "@oxfmt/darwin-x64": "0.21.0", "@oxfmt/linux-arm64-gnu": "0.21.0", "@oxfmt/linux-arm64-musl": "0.21.0", "@oxfmt/linux-x64-gnu": "0.21.0", "@oxfmt/linux-x64-musl": "0.21.0", "@oxfmt/win32-arm64": "0.21.0", "@oxfmt/win32-x64": "0.21.0" }, "bin": { "oxfmt": "bin/oxfmt" } }, "sha512-EXK5pd1kGbI8hp9Ld69oy/ObAoe+gfH3dYHBviKqwSAHNkAHiqxWF1hnrWj5oun1GnQ8bVpqBMMVXJESMx6/+g=="],

    "oxlint": ["oxlint@1.34.0", "", { "optionalDependencies": { "@oxlint/darwin-arm64": "1.34.0", "@oxlint/darwin-x64": "1.34.0", "@oxlint/linux-arm64-gnu": "1.34.0", "@oxlint/linux-arm64-musl": "1.34.0", "@oxlint/linux-x64-gnu": "1.34.0", "@oxlint/linux-x64-musl": "1.34.0", "@oxlint/win32-arm64": "1.34.0", "@oxlint/win32-x64": "1.34.0" }, "peerDependencies": { "oxlint-tsgolint": ">=0.9.2" }, "optionalPeers": ["oxlint-tsgolint"], "bin": { "oxc_language_server": "bin/oxc_language_server", "oxlint": "bin/oxlint" } }, "sha512-Ni0N8wAiKlgaYkI/Yz4VrutfVIZgd2shDtS+loQxyBTwO8YUAnk3+g7OQ1cyI/aatHiFwvFNfV/uvZyHUtyPpA=="],

    "oxlint-tsgolint": ["oxlint-tsgolint@0.10.0", "", { "optionalDependencies": { "@oxlint-tsgolint/darwin-arm64": "0.10.0", "@oxlint-tsgolint/darwin-x64": "0.10.0", "@oxlint-tsgolint/linux-arm64": "0.10.0", "@oxlint-tsgolint/linux-x64": "0.10.0", "@oxlint-tsgolint/win32-arm64": "0.10.0", "@oxlint-tsgolint/win32-x64": "0.10.0" }, "bin": { "tsgolint": "bin/tsgolint.js" } }, "sha512-LDDSIu5J/4D4gFUuQQIEQpAC6maNEbMg4nC8JL/+Pe0cUDR86dtVZ09E2x5MwCh8f9yfktoaxt5x6UIVyzrajg=="],

    "readdirp": ["readdirp@5.0.0", "", {}, "sha512-9u/XQ1pvrQtYyMpZe7DXKv2p5CNvyVwzUB6uhLAnQwHMSgKMBR62lc7AHljaeteeHXn11XTAaLLUVZYVZyuRBQ=="],

    "sprintf-js": ["sprintf-js@1.0.3", "", {}, "sha512-D9cPgkvLlV3t3IzL0D0YLvGA9Ahk4PcvVwUbN0dSGr1aP0Nrt4AEnTUbuGvquEC0mA64Gqt1fzirlRs5ibXx8g=="],

    "strnum": ["strnum@2.1.2", "", {}, "sha512-l63NF9y/cLROq/yqKXSLtcMeeyOfnSQlfMSlzFt/K73oIaD8DGaQWd7Z34X9GPiKqP5rbSh84Hl4bOlLcjiSrQ=="],

    "tinypool": ["tinypool@2.0.0", "", {}, "sha512-/RX9RzeH2xU5ADE7n2Ykvmi9ED3FBGPAjw9u3zucrNNaEBIO0HPSYgL0NT7+3p147ojeSdaVu08F6hjpv31HJg=="],

    "typescript": ["typescript@5.9.3", "", { "bin": { "tsc": "bin/tsc", "tsserver": "bin/tsserver" } }, "sha512-jl1vZzPDinLr9eUt3J/t7V6FgNEw9QjvBPdysz9KfQDD41fQrC2Y4vKQdiaUpFT4bXlb1RHhLpp8wtm6M5TgSw=="],

    "undici-types": ["undici-types@7.16.0", "", {}, "sha512-Zz+aZWSj8LE6zoxD+xrjh4VfkIG8Ya6LvYkZqtUQGJPZjYl53ypCaUwWqo7eI0x66KBGeRo+mlBEkMSeSZ38Nw=="],

    "xmlbuilder2": ["xmlbuilder2@3.1.1", "", { "dependencies": { "@oozcitak/dom": "1.15.10", "@oozcitak/infra": "1.0.8", "@oozcitak/util": "8.3.8", "js-yaml": "3.14.1" } }, "sha512-WCSfbfZnQDdLQLiMdGUQpMxxckeQ4oZNMNhLVkcekTu7xhD4tuUDyAPoY8CwXvBYE6LwBHd6QW2WZXlOWr1vCw=="],
  }
}
